<Solution>
  <Configurations>
    <BuildType Name="Debug" />
    <BuildType Name="Release" />
    <BuildType Name="SelfContained" />
    <Platform Name="ARM64" />
    <Platform Name="x64" />
    <Platform Name="x86" />
  </Configurations>
  <Project Path="winsat/winsat.csproj">
    <Platform Solution="*|ARM64" Project="ARM64" />
    <Platform Solution="*|x64" Project="x64" />
    <Platform Solution="*|x86" Project="x86" />
    <Build Solution="*|x86" Project="false" />
    <Build Solution="Debug|ARM64" Project="false" />
    <Deploy Solution="*|x64" />
    <Deploy Solution="Release|ARM64" />
    <Deploy Solution="SelfContained|ARM64" />
  </Project>
</Solution>
